// !$*UTF8*$!
{
	archiveVersion = 1;
	classes = {
	};
	objectVersion = 55;
	objects = {

/* Begin PBXBuildFile section */
		2CB76A362833E86900F28B37 /* Intercam_AirportApp.swift in Sources */ = {isa = PBXBuildFile; fileRef = 2CB76A352833E86900F28B37 /* Intercam_AirportApp.swift */; };
		2CB76A382833E86900F28B37 /* ContentView.swift in Sources */ = {isa = PBXBuildFile; fileRef = 2CB76A372833E86900F28B37 /* ContentView.swift */; };
		2CB76A3A2833E86E00F28B37 /* Assets.xcassets in Resources */ = {isa = PBXBuildFile; fileRef = 2CB76A392833E86E00F28B37 /* Assets.xcassets */; };
		2CB76A3D2833E86E00F28B37 /* Preview Assets.xcassets in Resources */ = {isa = PBXBuildFile; fileRef = 2CB76A3C2833E86E00F28B37 /* Preview Assets.xcassets */; };
		2CB76A472833E96E00F28B37 /* vistaPrincipal.swift in Sources */ = {isa = PBXBuildFile; fileRef = 2CB76A462833E96E00F28B37 /* vistaPrincipal.swift */; };
		2CB76A492833EAD400F28B37 /* VMVistaPrincipal.swift in Sources */ = {isa = PBXBuildFile; fileRef = 2CB76A482833EAD400F28B37 /* VMVistaPrincipal.swift */; };
		2CB76A4E2833F7E400F28B37 /* VistaContenedor.swift in Sources */ = {isa = PBXBuildFile; fileRef = 2CB76A4D2833F7E400F28B37 /* VistaContenedor.swift */; };
		2CB76A532833FAE400F28B37 /* VistaMapa.swift in Sources */ = {isa = PBXBuildFile; fileRef = 2CB76A522833FAE400F28B37 /* VistaMapa.swift */; };
		2CB76A552833FAEF00F28B37 /* VistaLista.swift in Sources */ = {isa = PBXBuildFile; fileRef = 2CB76A542833FAEF00F28B37 /* VistaLista.swift */; };
		2CB76A592833FE0600F28B37 /* VMVistaLista.swift in Sources */ = {isa = PBXBuildFile; fileRef = 2CB76A582833FE0600F28B37 /* VMVistaLista.swift */; };
		2CB76A5B2833FE3400F28B37 /* MLista.swift in Sources */ = {isa = PBXBuildFile; fileRef = 2CB76A5A2833FE3400F28B37 /* MLista.swift */; };
		2CB76A5F28343DD800F28B37 /* VMVistaMapas.swift in Sources */ = {isa = PBXBuildFile; fileRef = 2CB76A5E28343DD800F28B37 /* VMVistaMapas.swift */; };
		2CB76A6328346F4C00F28B37 /* Settings.bundle in Resources */ = {isa = PBXBuildFile; fileRef = 2CB76A6228346F4C00F28B37 /* Settings.bundle */; };
/* End PBXBuildFile section */

/* Begin PBXFileReference section */
		2CB76A322833E86900F28B37 /* Intercam Airport.app */ = {isa = PBXFileReference; explicitFileType = wrapper.application; includeInIndex = 0; path = "Intercam Airport.app"; sourceTree = BUILT_PRODUCTS_DIR; };
		2CB76A352833E86900F28B37 /* Intercam_AirportApp.swift */ = {isa = PBXFileReference; lastKnownFileType = sourcecode.swift; path = Intercam_AirportApp.swift; sourceTree = "<group>"; };
		2CB76A372833E86900F28B37 /* ContentView.swift */ = {isa = PBXFileReference; lastKnownFileType = sourcecode.swift; path = ContentView.swift; sourceTree = "<group>"; };
		2CB76A392833E86E00F28B37 /* Assets.xcassets */ = {isa = PBXFileReference; lastKnownFileType = folder.assetcatalog; path = Assets.xcassets; sourceTree = "<group>"; };
		2CB76A3C2833E86E00F28B37 /* Preview Assets.xcassets */ = {isa = PBXFileReference; lastKnownFileType = folder.assetcatalog; path = "Preview Assets.xcassets"; sourceTree = "<group>"; };
		2CB76A462833E96E00F28B37 /* vistaPrincipal.swift */ = {isa = PBXFileReference; lastKnownFileType = sourcecode.swift; path = vistaPrincipal.swift; sourceTree = "<group>"; };
		2CB76A482833EAD400F28B37 /* VMVistaPrincipal.swift */ = {isa = PBXFileReference; lastKnownFileType = sourcecode.swift; path = VMVistaPrincipal.swift; sourceTree = "<group>"; };
		2CB76A4D2833F7E400F28B37 /* VistaContenedor.swift */ = {isa = PBXFileReference; lastKnownFileType = sourcecode.swift; path = VistaContenedor.swift; sourceTree = "<group>"; };
		2CB76A522833FAE400F28B37 /* VistaMapa.swift */ = {isa = PBXFileReference; lastKnownFileType = sourcecode.swift; path = VistaMapa.swift; sourceTree = "<group>"; };
		2CB76A542833FAEF00F28B37 /* VistaLista.swift */ = {isa = PBXFileReference; lastKnownFileType = sourcecode.swift; path = VistaLista.swift; sourceTree = "<group>"; };
		2CB76A582833FE0600F28B37 /* VMVistaLista.swift */ = {isa = PBXFileReference; lastKnownFileType = sourcecode.swift; path = VMVistaLista.swift; sourceTree = "<group>"; };
		2CB76A5A2833FE3400F28B37 /* MLista.swift */ = {isa = PBXFileReference; lastKnownFileType = sourcecode.swift; path = MLista.swift; sourceTree = "<group>"; };
		2CB76A5E28343DD800F28B37 /* VMVistaMapas.swift */ = {isa = PBXFileReference; lastKnownFileType = sourcecode.swift; path = VMVistaMapas.swift; sourceTree = "<group>"; };
		2CB76A6228346F4C00F28B37 /* Settings.bundle */ = {isa = PBXFileReference; lastKnownFileType = "wrapper.plug-in"; path = Settings.bundle; sourceTree = "<group>"; };
/* End PBXFileReference section */

/* Begin PBXFrameworksBuildPhase section */
		2CB76A2F2833E86900F28B37 /* Frameworks */ = {
			isa = PBXFrameworksBuildPhase;
			buildActionMask = 2147483647;
			files = (
			);
			runOnlyForDeploymentPostprocessing = 0;
		};
/* End PBXFrameworksBuildPhase section */

/* Begin PBXGroup section */
		2CB76A292833E86900F28B37 = {
			isa = PBXGroup;
			children = (
				2CB76A342833E86900F28B37 /* Intercam Airport */,
				2CB76A332833E86900F28B37 /* Products */,
			);
			sourceTree = "<group>";
		};
		2CB76A332833E86900F28B37 /* Products */ = {
			isa = PBXGroup;
			children = (
				2CB76A322833E86900F28B37 /* Intercam Airport.app */,
			);
			name = Products;
			sourceTree = "<group>";
		};
		2CB76A342833E86900F28B37 /* Intercam Airport */ = {
			isa = PBXGroup;
			children = (
				2CB76A452833E92B00F28B37 /* ViewModel */,
				2CB76A442833E92100F28B37 /* View */,
				2CB76A432833E91600F28B37 /* Model */,
				2CB76A352833E86900F28B37 /* Intercam_AirportApp.swift */,
				2CB76A372833E86900F28B37 /* ContentView.swift */,
				2CB76A392833E86E00F28B37 /* Assets.xcassets */,
				2CB76A3B2833E86E00F28B37 /* Preview Content */,
			);
			path = "Intercam Airport";
			sourceTree = "<group>";
		};
		2CB76A3B2833E86E00F28B37 /* Preview Content */ = {
			isa = PBXGroup;
			children = (
				2CB76A3C2833E86E00F28B37 /* Preview Assets.xcassets */,
			);
			path = "Preview Content";
			sourceTree = "<group>";
		};
		2CB76A432833E91600F28B37 /* Model */ = {
			isa = PBXGroup;
			children = (
				2CB76A5C28343CE600F28B37 /* ModeloVistaLista */,
			);
			path = Model;
			sourceTree = "<group>";
		};
		2CB76A442833E92100F28B37 /* View */ = {
			isa = PBXGroup;
			children = (
				2CB76A572833FDF100F28B37 /* VistaLista */,
				2CB76A502833FACD00F28B37 /* VistaMapa */,
				2CB76A4C2833F7C100F28B37 /* VistaContenedores */,
				2CB76A4A2833EAD800F28B37 /* VistaPrincipal */,
			);
			path = View;
			sourceTree = "<group>";
		};
		2CB76A452833E92B00F28B37 /* ViewModel */ = {
			isa = PBXGroup;
			children = (
				2CB76A5D28343DBD00F28B37 /* VMVistaMapa */,
				2CB76A562833FDD700F28B37 /* MVVistaLista */,
				2CB76A4F2833F85700F28B37 /* VMVistaContenedor */,
				2CB76A4B2833EAF300F28B37 /* VMVistaPrincipal */,
			);
			path = ViewModel;
			sourceTree = "<group>";
		};
		2CB76A4A2833EAD800F28B37 /* VistaPrincipal */ = {
			isa = PBXGroup;
			children = (
				2CB76A462833E96E00F28B37 /* vistaPrincipal.swift */,
			);
			path = VistaPrincipal;
			sourceTree = "<group>";
		};
		2CB76A4B2833EAF300F28B37 /* VMVistaPrincipal */ = {
			isa = PBXGroup;
			children = (
				2CB76A482833EAD400F28B37 /* VMVistaPrincipal.swift */,
			);
			path = VMVistaPrincipal;
			sourceTree = "<group>";
		};
		2CB76A4C2833F7C100F28B37 /* VistaContenedores */ = {
			isa = PBXGroup;
			children = (
				2CB76A4D2833F7E400F28B37 /* VistaContenedor.swift */,
			);
			path = VistaContenedores;
			sourceTree = "<group>";
		};
		2CB76A4F2833F85700F28B37 /* VMVistaContenedor */ = {
			isa = PBXGroup;
			children = (
			);
			path = VMVistaContenedor;
			sourceTree = "<group>";
		};
		2CB76A502833FACD00F28B37 /* VistaMapa */ = {
			isa = PBXGroup;
			children = (
				2CB76A522833FAE400F28B37 /* VistaMapa.swift */,
				2CB76A6228346F4C00F28B37 /* Settings.bundle */,
			);
			path = VistaMapa;
			sourceTree = "<group>";
		};
		2CB76A562833FDD700F28B37 /* MVVistaLista */ = {
			isa = PBXGroup;
			children = (
				2CB76A582833FE0600F28B37 /* VMVistaLista.swift */,
			);
			path = MVVistaLista;
			sourceTree = "<group>";
		};
		2CB76A572833FDF100F28B37 /* VistaLista */ = {
			isa = PBXGroup;
			children = (
				2CB76A542833FAEF00F28B37 /* VistaLista.swift */,
			);
			path = VistaLista;
			sourceTree = "<group>";
		};
		2CB76A5C28343CE600F28B37 /* ModeloVistaLista */ = {
			isa = PBXGroup;
			children = (
				2CB76A5A2833FE3400F28B37 /* MLista.swift */,
			);
			path = ModeloVistaLista;
			sourceTree = "<group>";
		};
		2CB76A5D28343DBD00F28B37 /* VMVistaMapa */ = {
			isa = PBXGroup;
			children = (
				2CB76A5E28343DD800F28B37 /* VMVistaMapas.swift */,
			);
			path = VMVistaMapa;
			sourceTree = "<group>";
		};
/* End PBXGroup section */

/* Begin PBXNativeTarget section */
		2CB76A312833E86900F28B37 /* Intercam Airport */ = {
			isa = PBXNativeTarget;
			buildConfigurationList = 2CB76A402833E86E00F28B37 /* Build configuration list for PBXNativeTarget "Intercam Airport" */;
			buildPhases = (
				2CB76A2E2833E86900F28B37 /* Sources */,
				2CB76A2F2833E86900F28B37 /* Frameworks */,
				2CB76A302833E86900F28B37 /* Resources */,
			);
			buildRules = (
			);
			dependencies = (
			);
			name = "Intercam Airport";
			productName = "Intercam Airport";
			productReference = 2CB76A322833E86900F28B37 /* Intercam Airport.app */;
			productType = "com.apple.product-type.application";
		};
/* End PBXNativeTarget section */

/* Begin PBXProject section */
		2CB76A2A2833E86900F28B37 /* Project object */ = {
			isa = PBXProject;
			attributes = {
				BuildIndependentTargetsInParallel = 1;
				LastSwiftUpdateCheck = 1330;
				LastUpgradeCheck = 1330;
				TargetAttributes = {
					2CB76A312833E86900F28B37 = {
						CreatedOnToolsVersion = 13.3.1;
					};
				};
			};
			buildConfigurationList = 2CB76A2D2833E86900F28B37 /* Build configuration list for PBXProject "Intercam Airport" */;
			compatibilityVersion = "Xcode 13.0";
			developmentRegion = en;
			hasScannedForEncodings = 0;
			knownRegions = (
				en,
				Base,
			);
			mainGroup = 2CB76A292833E86900F28B37;
			productRefGroup = 2CB76A332833E86900F28B37 /* Products */;
			projectDirPath = "";
			projectRoot = "";
			targets = (
				2CB76A312833E86900F28B37 /* Intercam Airport */,
			);
		};
/* End PBXProject section */

/* Begin PBXResourcesBuildPhase section */
		2CB76A302833E86900F28B37 /* Resources */ = {
			isa = PBXResourcesBuildPhase;
			buildActionMask = 2147483647;
			files = (
				2CB76A3D2833E86E00F28B37 /* Preview Assets.xcassets in Resources */,
				2CB76A6328346F4C00F28B37 /* Settings.bundle in Resources */,
				2CB76A3A2833E86E00F28B37 /* Assets.xcassets in Resources */,
			);
			runOnlyForDeploymentPostprocessing = 0;
		};
/* End PBXResourcesBuildPhase section */

/* Begin PBXSourcesBuildPhase section */
		2CB76A2E2833E86900F28B37 /* Sources */ = {
			isa = PBXSourcesBuildPhase;
			buildActionMask = 2147483647;
			files = (
				2CB76A472833E96E00F28B37 /* vistaPrincipal.swift in Sources */,
				2CB76A492833EAD400F28B37 /* VMVistaPrincipal.swift in Sources */,
				2CB76A4E2833F7E400F28B37 /* VistaContenedor.swift in Sources */,
				2CB76A382833E86900F28B37 /* ContentView.swift in Sources */,
				2CB76A5B2833FE3400F28B37 /* MLista.swift in Sources */,
				2CB76A592833FE0600F28B37 /* VMVistaLista.swift in Sources */,
				2CB76A532833FAE400F28B37 /* VistaMapa.swift in Sources */,
				2CB76A5F28343DD800F28B37 /* VMVistaMapas.swift in Sources */,
				2CB76A362833E86900F28B37 /* Intercam_AirportApp.swift in Sources */,
				2CB76A552833FAEF00F28B37 /* VistaLista.swift in Sources */,
			);
			runOnlyForDeploymentPostprocessing = 0;
		};
/* End PBXSourcesBuildPhase section */

/* Begin XCBuildConfiguration section */
		2CB76A3E2833E86E00F28B37 /* Debug */ = {
			isa = XCBuildConfiguration;
			buildSettings = {
				ALWAYS_SEARCH_USER_PATHS = NO;
				CLANG_ANALYZER_NONNULL = YES;
				CLANG_ANALYZER_NUMBER_OBJECT_CONVERSION = YES_AGGRESSIVE;
				CLANG_CXX_LANGUAGE_STANDARD = "gnu++17";
				CLANG_ENABLE_MODULES = YES;
				CLANG_ENABLE_OBJC_ARC = YES;
				CLANG_ENABLE_OBJC_WEAK = YES;
				CLANG_WARN_BLOCK_CAPTURE_AUTORELEASING = YES;
				CLANG_WARN_BOOL_CONVERSION = YES;
				CLANG_WARN_COMMA = YES;
				CLANG_WARN_CONSTANT_CONVERSION = YES;
				CLANG_WARN_DEPRECATED_OBJC_IMPLEMENTATIONS = YES;
				CLANG_WARN_DIRECT_OBJC_ISA_USAGE = YES_ERROR;
				CLANG_WARN_DOCUMENTATION_COMMENTS = YES;
				CLANG_WARN_EMPTY_BODY = YES;
				CLANG_WARN_ENUM_CONVERSION = YES;
				CLANG_WARN_INFINITE_RECURSION = YES;
				CLANG_WARN_INT_CONVERSION = YES;
				CLANG_WARN_NON_LITERAL_NULL_CONVERSION = YES;
				CLANG_WARN_OBJC_IMPLICIT_RETAIN_SELF = YES;
				CLANG_WARN_OBJC_LITERAL_CONVERSION = YES;
				CLANG_WARN_OBJC_ROOT_CLASS = YES_ERROR;
				CLANG_WARN_QUOTED_INCLUDE_IN_FRAMEWORK_HEADER = YES;
				CLANG_WARN_RANGE_LOOP_ANALYSIS = YES;
				CLANG_WARN_STRICT_PROTOTYPES = YES;
				CLANG_WARN_SUSPICIOUS_MOVE = YES;
				CLANG_WARN_UNGUARDED_AVAILABILITY = YES_AGGRESSIVE;
				CLANG_WARN_UNREACHABLE_CODE = YES;
				CLANG_WARN__DUPLICATE_METHOD_MATCH = YES;
				COPY_PHASE_STRIP = NO;
				DEBUG_INFORMATION_FORMAT = dwarf;
				ENABLE_STRICT_OBJC_MSGSEND = YES;
				ENABLE_TESTABILITY = YES;
				GCC_C_LANGUAGE_STANDARD = gnu11;
				GCC_DYNAMIC_NO_PIC = NO;
				GCC_NO_COMMON_BLOCKS = YES;
				GCC_OPTIMIZATION_LEVEL = 0;
				GCC_PREPROCESSOR_DEFINITIONS = (
					"DEBUG=1",
					"$(inherited)",
				);
				GCC_WARN_64_TO_32_BIT_CONVERSION = YES;
				GCC_WARN_ABOUT_RETURN_TYPE = YES_ERROR;
				GCC_WARN_UNDECLARED_SELECTOR = YES;
				GCC_WARN_UNINITIALIZED_AUTOS = YES_AGGRESSIVE;
				GCC_WARN_UNUSED_FUNCTION = YES;
				GCC_WARN_UNUSED_VARIABLE = YES;
				IPHONEOS_DEPLOYMENT_TARGET = 15.4;
				MTL_ENABLE_DEBUG_INFO = INCLUDE_SOURCE;
				MTL_FAST_MATH = YES;
				ONLY_ACTIVE_ARCH = YES;
				SDKROOT = iphoneos;
				SWIFT_ACTIVE_COMPILATION_CONDITIONS = DEBUG;
				SWIFT_OPTIMIZATION_LEVEL = "-Onone";
			};
			name = Debug;
		};
		2CB76A3F2833E86E00F28B37 /* Release */ = {
			isa = XCBuildConfiguration;
			buildSettings = {
				ALWAYS_SEARCH_USER_PATHS = NO;
				CLANG_ANALYZER_NONNULL = YES;
				CLANG_ANALYZER_NUMBER_OBJECT_CONVERSION = YES_AGGRESSIVE;
				CLANG_CXX_LANGUAGE_STANDARD = "gnu++17";
				CLANG_ENABLE_MODULES = YES;
				CLANG_ENABLE_OBJC_ARC = YES;
				CLANG_ENABLE_OBJC_WEAK = YES;
				CLANG_WARN_BLOCK_CAPTURE_AUTORELEASING = YES;
				CLANG_WARN_BOOL_CONVERSION = YES;
				CLANG_WARN_COMMA = YES;
				CLANG_WARN_CONSTANT_CONVERSION = YES;
				CLANG_WARN_DEPRECATED_OBJC_IMPLEMENTATIONS = YES;
				CLANG_WARN_DIRECT_OBJC_ISA_USAGE = YES_ERROR;
				CLANG_WARN_DOCUMENTATION_COMMENTS = YES;
				CLANG_WARN_EMPTY_BODY = YES;
				CLANG_WARN_ENUM_CONVERSION = YES;
				CLANG_WARN_INFINITE_RECURSION = YES;
				CLANG_WARN_INT_CONVERSION = YES;
				CLANG_WARN_NON_LITERAL_NULL_CONVERSION = YES;
				CLANG_WARN_OBJC_IMPLICIT_RETAIN_SELF = YES;
				CLANG_WARN_OBJC_LITERAL_CONVERSION = YES;
				CLANG_WARN_OBJC_ROOT_CLASS = YES_ERROR;
				CLANG_WARN_QUOTED_INCLUDE_IN_FRAMEWORK_HEADER = YES;
				CLANG_WARN_RANGE_LOOP_ANALYSIS = YES;
				CLANG_WARN_STRICT_PROTOTYPES = YES;
				CLANG_WARN_SUSPICIOUS_MOVE = YES;
				CLANG_WARN_UNGUARDED_AVAILABILITY = YES_AGGRESSIVE;
				CLANG_WARN_UNREACHABLE_CODE = YES;
				CLANG_WARN__DUPLICATE_METHOD_MATCH = YES;
				COPY_PHASE_STRIP = NO;
				DEBUG_INFORMATION_FORMAT = "dwarf-with-dsym";
				ENABLE_NS_ASSERTIONS = NO;
				ENABLE_STRICT_OBJC_MSGSEND = YES;
				GCC_C_LANGUAGE_STANDARD = gnu11;
				GCC_NO_COMMON_BLOCKS = YES;
				GCC_WARN_64_TO_32_BIT_CONVERSION = YES;
				GCC_WARN_ABOUT_RETURN_TYPE = YES_ERROR;
				GCC_WARN_UNDECLARED_SELECTOR = YES;
				GCC_WARN_UNINITIALIZED_AUTOS = YES_AGGRESSIVE;
				GCC_WARN_UNUSED_FUNCTION = YES;
				GCC_WARN_UNUSED_VARIABLE = YES;
				IPHONEOS_DEPLOYMENT_TARGET = 15.4;
				MTL_ENABLE_DEBUG_INFO = NO;
				MTL_FAST_MATH = YES;
				SDKROOT = iphoneos;
				SWIFT_COMPILATION_MODE = wholemodule;
				SWIFT_OPTIMIZATION_LEVEL = "-O";
				VALIDATE_PRODUCT = YES;
			};
			name = Release;
		};
		2CB76A412833E86E00F28B37 /* Debug */ = {
			isa = XCBuildConfiguration;
			buildSettings = {
				ASSETCATALOG_COMPILER_APPICON_NAME = AppIcon;
				ASSETCATALOG_COMPILER_GLOBAL_ACCENT_COLOR_NAME = AccentColor;
				CODE_SIGN_STYLE = Automatic;
				CURRENT_PROJECT_VERSION = 1;
				DEVELOPMENT_ASSET_PATHS = "\"Intercam Airport/Preview Content\"";
				DEVELOPMENT_TEAM = 3Z9J72YNC5;
				ENABLE_PREVIEWS = YES;
				GENERATE_INFOPLIST_FILE = YES;
				INFOPLIST_KEY_NSLocationWhenInUseUsageDescription = "Otorga permiso para acceder a su ubicación y tener mejores resultados?";
				INFOPLIST_KEY_UIApplicationSceneManifest_Generation = YES;
				INFOPLIST_KEY_UIApplicationSupportsIndirectInputEvents = YES;
				INFOPLIST_KEY_UILaunchScreen_Generation = YES;
				INFOPLIST_KEY_UISupportedInterfaceOrientations_iPad = "UIInterfaceOrientationPortrait UIInterfaceOrientationPortraitUpsideDown UIInterfaceOrientationLandscapeLeft UIInterfaceOrientationLandscapeRight";
				INFOPLIST_KEY_UISupportedInterfaceOrientations_iPhone = "UIInterfaceOrientationPortrait UIInterfaceOrientationLandscapeLeft UIInterfaceOrientationLandscapeRight";
				LD_RUNPATH_SEARCH_PATHS = (
					"$(inherited)",
					"@executable_path/Frameworks",
				);
				MARKETING_VERSION = 1.0;
				PRODUCT_BUNDLE_IDENTIFIER = "com.EdgarEduardo.Intercam-Airport";
				PRODUCT_NAME = "$(TARGET_NAME)";
				SWIFT_EMIT_LOC_STRINGS = YES;
				SWIFT_VERSION = 5.0;
				TARGETED_DEVICE_FAMILY = "1,2";
			};
			name = Debug;
		};
		2CB76A422833E86E00F28B37 /* Release */ = {
			isa = XCBuildConfiguration;
			buildSettings = {
				ASSETCATALOG_COMPILER_APPICON_NAME = AppIcon;
				ASSETCATALOG_COMPILER_GLOBAL_ACCENT_COLOR_NAME = AccentColor;
				CODE_SIGN_STYLE = Automatic;
				CURRENT_PROJECT_VERSION = 1;
				DEVELOPMENT_ASSET_PATHS = "\"Intercam Airport/Preview Content\"";
				DEVELOPMENT_TEAM = 3Z9J72YNC5;
				ENABLE_PREVIEWS = YES;
				GENERATE_INFOPLIST_FILE = YES;
				INFOPLIST_KEY_NSLocationWhenInUseUsageDescription = "Otorga permiso para acceder a su ubicación y tener mejores resultados?";
				INFOPLIST_KEY_UIApplicationSceneManifest_Generation = YES;
				INFOPLIST_KEY_UIApplicationSupportsIndirectInputEvents = YES;
				INFOPLIST_KEY_UILaunchScreen_Generation = YES;
				INFOPLIST_KEY_UISupportedInterfaceOrientations_iPad = "UIInterfaceOrientationPortrait UIInterfaceOrientationPortraitUpsideDown UIInterfaceOrientationLandscapeLeft UIInterfaceOrientationLandscapeRight";
				INFOPLIST_KEY_UISupportedInterfaceOrientations_iPhone = "UIInterfaceOrientationPortrait UIInterfaceOrientationLandscapeLeft UIInterfaceOrientationLandscapeRight";
				LD_RUNPATH_SEARCH_PATHS = (
					"$(inherited)",
					"@executable_path/Frameworks",
				);
				MARKETING_VERSION = 1.0;
				PRODUCT_BUNDLE_IDENTIFIER = "com.EdgarEduardo.Intercam-Airport";
				PRODUCT_NAME = "$(TARGET_NAME)";
				SWIFT_EMIT_LOC_STRINGS = YES;
				SWIFT_VERSION = 5.0;
				TARGETED_DEVICE_FAMILY = "1,2";
			};
			name = Release;
		};
/* End XCBuildConfiguration section */

/* Begin XCConfigurationList section */
		2CB76A2D2833E86900F28B37 /* Build configuration list for PBXProject "Intercam Airport" */ = {
			isa = XCConfigurationList;
			buildConfigurations = (
				2CB76A3E2833E86E00F28B37 /* Debug */,
				2CB76A3F2833E86E00F28B37 /* Release */,
			);
			defaultConfigurationIsVisible = 0;
			defaultConfigurationName = Release;
		};
		2CB76A402833E86E00F28B37 /* Build configuration list for PBXNativeTarget "Intercam Airport" */ = {
			isa = XCConfigurationList;
			buildConfigurations = (
				2CB76A412833E86E00F28B37 /* Debug */,
				2CB76A422833E86E00F28B37 /* Release */,
			);
			defaultConfigurationIsVisible = 0;
			defaultConfigurationName = Release;
		};
/* End XCConfigurationList section */
	};
	rootObject = 2CB76A2A2833E86900F28B37 /* Project object */;
}
